<?xml version="1.0" encoding="utf-8"?>
<Project ToolsVersion="4.0" xmlns="http://schemas.microsoft.com/developer/msbuild/2003">
  <ItemGroup>
    <Filter Include="Source Files">
      <UniqueIdentifier>{4FC737F1-C7A5-4376-A066-2A32D752A2FF}</UniqueIdentifier>
      <Extensions>cpp;c;cc;cxx;def;odl;idl;hpj;bat;asm;asmx</Extensions>
    </Filter>
    <Filter Include="Source Files\User">
      <UniqueIdentifier>{011acbb7-3acb-4372-97df-487d6f6068dd}</UniqueIdentifier>
    </Filter>
    <Filter Include="Header Files">
      <UniqueIdentifier>{6b61e7fa-eee6-47c2-8fca-7c368c37953d}</UniqueIdentifier>
    </Filter>
    <Filter Include="Header Files\XML">
      <UniqueIdentifier>{3e98d366-c26e-491c-903a-d5bd500776f3}</UniqueIdentifier>
    </Filter>
    <Filter Include="Source Files\XML">
      <UniqueIdentifier>{2e9df204-3294-4019-945a-04a470abca1e}</UniqueIdentifier>
    </Filter>
    <Filter Include="Header Files\Managers">
      <UniqueIdentifier>{5d6d83a8-9742-4440-8aca-8c8e8c6cb4eb}</UniqueIdentifier>
    </Filter>
    <Filter Include="Source Files\Managers">
      <UniqueIdentifier>{2330d91c-a233-478e-a2a4-7aaca9cdf0f0}</UniqueIdentifier>
    </Filter>
    <Filter Include="Header Files\User">
      <UniqueIdentifier>{55a659cb-336c-492e-b60d-83f154bc801d}</UniqueIdentifier>
    </Filter>
  </ItemGroup>
  <ItemGroup>
    <ClCompile Include="Source.cpp">
      <Filter>Source Files</Filter>
    </ClCompile>
    <ClCompile Include="Serialization\tinyxml2.cpp">
      <Filter>Source Files\XML</Filter>
    </ClCompile>
    <ClCompile Include="Serialization\XMLSerialization.cpp">
      <Filter>Source Files\XML</Filter>
    </ClCompile>
    <ClCompile Include="Managers\FileManager.cpp">
      <Filter>Source Files\Managers</Filter>
    </ClCompile>
    <ClCompile Include="User\User.cpp">
      <Filter>Source Files\User</Filter>
    </ClCompile>
    <ClCompile Include="Managers\DirectoryManager.cpp">
      <Filter>Source Files\Managers</Filter>
    </ClCompile>
  </ItemGroup>
  <ItemGroup>
    <ClInclude Include="Serialization\tinyxml2.h">
      <Filter>Header Files\XML</Filter>
    </ClInclude>
    <ClInclude Include="Serialization\XMLSerialization.h">
      <Filter>Header Files\XML</Filter>
    </ClInclude>
    <ClInclude Include="Managers\FileManager.h">
      <Filter>Header Files\Managers</Filter>
    </ClInclude>
    <ClInclude Include="Globals.h">
      <Filter>Header Files</Filter>
    </ClInclude>
    <ClInclude Include="User\User.h">
      <Filter>Header Files\User</Filter>
    </ClInclude>
    <ClInclude Include="Managers\DirectoryManager.h">
      <Filter>Header Files\Managers</Filter>
    </ClInclude>
  </ItemGroup>
</Project>